
Microsoft Visual Studio Solution File, Format Version 12.00
# Visual Studio Version 16
VisualStudioVersion = 16.0.32228.343
MinimumVisualStudioVersion = 10.0.40219.1
Project("{FAE04EC0-301F-11D3-BF4B-00C04F79EFBC}") = "OrdersProgramm", "OrdersProgramm.csproj", "{B2BB3C5D-689B-4FD9-BB04-02046E408A63}"
EndProject
Global
	GlobalSection(SolutionConfigurationPlatforms) = preSolution
		Debug|Any CPU = Debug|Any CPU
		Release|Any CPU = Release|Any CPU
	EndGlobalSection
	GlobalSection(ProjectConfigurationPlatforms) = postSolution
		{B2BB3C5D-689B-4FD9-BB04-02046E408A63}.Debug|Any CPU.ActiveCfg = Debug|Any CPU
		{B2BB3C5D-689B-4FD9-BB04-02046E408A63}.Debug|Any CPU.Build.0 = Debug|Any CPU
		{B2BB3C5D-689B-4FD9-BB04-02046E408A63}.Release|Any CPU.ActiveCfg = Release|Any CPU
		{B2BB3C5D-689B-4FD9-BB04-02046E408A63}.Release|Any CPU.Build.0 = Release|Any CPU
	EndGlobalSection
	GlobalSection(SolutionProperties) = preSolution
		HideSolutionNode = FALSE
	EndGlobalSection
	GlobalSection(ExtensibilityGlobals) = postSolution
		SolutionGuid = {D09839A8-D41B-4A69-8229-C62B11405378}
	EndGlobalSection
EndGlobal
